
Microsoft Visual Studio Solution File, Format Version 12.00
# Visual Studio Version 17
VisualStudioVersion = 17.3.32819.101
MinimumVisualStudioVersion = 10.0.40219.1
Project("{9A19103F-16F7-4668-BE54-9A1E7A4F7556}") = "CAPA_DATOS", "CAPA_DATOS\CAPA_DATOS.csproj", "{663B7AC7-63EF-4509-96D9-43D60F972FDE}"
EndProject
Project("{9A19103F-16F7-4668-BE54-9A1E7A4F7556}") = "CAPA_NEGOCIO", "CAPA_NEGOCIO\CAPA_NEGOCIO.csproj", "{2DF7A99E-DCFF-401B-B1D0-06210068E29F}"
EndProject
Project("{9A19103F-16F7-4668-BE54-9A1E7A4F7556}") = "CAPA_PRESENTACION", "CAPA_PRESENTACION\CAPA_PRESENTACION.csproj", "{DB0394B5-DCF0-42AA-8B8D-ABF27E7CF458}"
EndProject
Global
	GlobalSection(SolutionConfigurationPlatforms) = preSolution
		Debug|Any CPU = Debug|Any CPU
		Release|Any CPU = Release|Any CPU
	EndGlobalSection
	GlobalSection(ProjectConfigurationPlatforms) = postSolution
		{663B7AC7-63EF-4509-96D9-43D60F972FDE}.Debug|Any CPU.ActiveCfg = Debug|Any CPU
		{663B7AC7-63EF-4509-96D9-43D60F972FDE}.Debug|Any CPU.Build.0 = Debug|Any CPU
		{663B7AC7-63EF-4509-96D9-43D60F972FDE}.Release|Any CPU.ActiveCfg = Release|Any CPU
		{663B7AC7-63EF-4509-96D9-43D60F972FDE}.Release|Any CPU.Build.0 = Release|Any CPU
		{2DF7A99E-DCFF-401B-B1D0-06210068E29F}.Debug|Any CPU.ActiveCfg = Debug|Any CPU
		{2DF7A99E-DCFF-401B-B1D0-06210068E29F}.Debug|Any CPU.Build.0 = Debug|Any CPU
		{2DF7A99E-DCFF-401B-B1D0-06210068E29F}.Release|Any CPU.ActiveCfg = Release|Any CPU
		{2DF7A99E-DCFF-401B-B1D0-06210068E29F}.Release|Any CPU.Build.0 = Release|Any CPU
		{DB0394B5-DCF0-42AA-8B8D-ABF27E7CF458}.Debug|Any CPU.ActiveCfg = Debug|Any CPU
		{DB0394B5-DCF0-42AA-8B8D-ABF27E7CF458}.Debug|Any CPU.Build.0 = Debug|Any CPU
		{DB0394B5-DCF0-42AA-8B8D-ABF27E7CF458}.Release|Any CPU.ActiveCfg = Release|Any CPU
		{DB0394B5-DCF0-42AA-8B8D-ABF27E7CF458}.Release|Any CPU.Build.0 = Release|Any CPU
	EndGlobalSection
	GlobalSection(SolutionProperties) = preSolution
		HideSolutionNode = FALSE
	EndGlobalSection
	GlobalSection(ExtensibilityGlobals) = postSolution
		SolutionGuid = {9D772CB9-C492-4BDA-ADD3-193163B03AF8}
	EndGlobalSection
EndGlobal
